
Microsoft Visual Studio Solution File, Format Version 12.00
# Visual Studio 15
Project("{FAE04EC0-301F-11D3-BF4B-00C04F79EFBC}") = "Mirror", "Mirror.csproj", "{E94207E4-AD91-D143-2132-3FF3AFF8DC05}"
EndProject
Project("{FAE04EC0-301F-11D3-BF4B-00C04F79EFBC}") = "Mirror.Components", "Mirror.Components.csproj", "{57DC6BB1-A298-16DC-4038-295DAA989219}"
EndProject
Project("{FAE04EC0-301F-11D3-BF4B-00C04F79EFBC}") = "Ninja.WebSockets", "Ninja.WebSockets.csproj", "{CE838C5A-6F10-289C-F9AF-2387B15AB453}"
EndProject
Project("{FAE04EC0-301F-11D3-BF4B-00C04F79EFBC}") = "Assembly-CSharp", "Assembly-CSharp.csproj", "{2B348F43-9D3C-8849-318B-74852A17671A}"
EndProject
Project("{FAE04EC0-301F-11D3-BF4B-00C04F79EFBC}") = "Mirror.Authenticators", "Mirror.Authenticators.csproj", "{118D8EF7-7984-6E6B-3096-6BADB4FDB00E}"
EndProject
Project("{FAE04EC0-301F-11D3-BF4B-00C04F79EFBC}") = "Mirror.Weaver", "Mirror.Weaver.csproj", "{A4A56AB9-6814-CA2B-AAF2-B6F05F4B7C79}"
EndProject
Project("{FAE04EC0-301F-11D3-BF4B-00C04F79EFBC}") = "Mirror.Editor", "Mirror.Editor.csproj", "{1A5523DF-1C43-9667-9D50-5A7E87DB64A8}"
EndProject
Project("{FAE04EC0-301F-11D3-BF4B-00C04F79EFBC}") = "Assembly-CSharp-Editor", "Assembly-CSharp-Editor.csproj", "{ABEF1503-B75A-712D-865A-39B9CC8FD693}"
EndProject
Project("{FAE04EC0-301F-11D3-BF4B-00C04F79EFBC}") = "Mirror.CompilerSymbols", "Mirror.CompilerSymbols.csproj", "{213BF22C-14A6-7E34-6306-8CA8AA613628}"
EndProject
Global
	GlobalSection(SolutionConfigurationPlatforms) = preSolution
		Debug|Any CPU = Debug|Any CPU
		Release|Any CPU = Release|Any CPU
	EndGlobalSection
	GlobalSection(ProjectConfigurationPlatforms) = postSolution
		{E94207E4-AD91-D143-2132-3FF3AFF8DC05}.Debug|Any CPU.ActiveCfg = Debug|Any CPU
		{E94207E4-AD91-D143-2132-3FF3AFF8DC05}.Debug|Any CPU.Build.0 = Debug|Any CPU
		{E94207E4-AD91-D143-2132-3FF3AFF8DC05}.Release|Any CPU.ActiveCfg = Release|Any CPU
		{E94207E4-AD91-D143-2132-3FF3AFF8DC05}.Release|Any CPU.Build.0 = Release|Any CPU
		{57DC6BB1-A298-16DC-4038-295DAA989219}.Debug|Any CPU.ActiveCfg = Debug|Any CPU
		{57DC6BB1-A298-16DC-4038-295DAA989219}.Debug|Any CPU.Build.0 = Debug|Any CPU
		{57DC6BB1-A298-16DC-4038-295DAA989219}.Release|Any CPU.ActiveCfg = Release|Any CPU
		{57DC6BB1-A298-16DC-4038-295DAA989219}.Release|Any CPU.Build.0 = Release|Any CPU
		{CE838C5A-6F10-289C-F9AF-2387B15AB453}.Debug|Any CPU.ActiveCfg = Debug|Any CPU
		{CE838C5A-6F10-289C-F9AF-2387B15AB453}.Debug|Any CPU.Build.0 = Debug|Any CPU
		{CE838C5A-6F10-289C-F9AF-2387B15AB453}.Release|Any CPU.ActiveCfg = Release|Any CPU
		{CE838C5A-6F10-289C-F9AF-2387B15AB453}.Release|Any CPU.Build.0 = Release|Any CPU
		{2B348F43-9D3C-8849-318B-74852A17671A}.Debug|Any CPU.ActiveCfg = Debug|Any CPU
		{2B348F43-9D3C-8849-318B-74852A17671A}.Debug|Any CPU.Build.0 = Debug|Any CPU
		{2B348F43-9D3C-8849-318B-74852A17671A}.Release|Any CPU.ActiveCfg = Release|Any CPU
		{2B348F43-9D3C-8849-318B-74852A17671A}.Release|Any CPU.Build.0 = Release|Any CPU
		{118D8EF7-7984-6E6B-3096-6BADB4FDB00E}.Debug|Any CPU.ActiveCfg = Debug|Any CPU
		{118D8EF7-7984-6E6B-3096-6BADB4FDB00E}.Debug|Any CPU.Build.0 = Debug|Any CPU
		{118D8EF7-7984-6E6B-3096-6BADB4FDB00E}.Release|Any CPU.ActiveCfg = Release|Any CPU
		{118D8EF7-7984-6E6B-3096-6BADB4FDB00E}.Release|Any CPU.Build.0 = Release|Any CPU
		{A4A56AB9-6814-CA2B-AAF2-B6F05F4B7C79}.Debug|Any CPU.ActiveCfg = Debug|Any CPU
		{A4A56AB9-6814-CA2B-AAF2-B6F05F4B7C79}.Debug|Any CPU.Build.0 = Debug|Any CPU
		{A4A56AB9-6814-CA2B-AAF2-B6F05F4B7C79}.Release|Any CPU.ActiveCfg = Release|Any CPU
		{A4A56AB9-6814-CA2B-AAF2-B6F05F4B7C79}.Release|Any CPU.Build.0 = Release|Any CPU
		{1A5523DF-1C43-9667-9D50-5A7E87DB64A8}.Debug|Any CPU.ActiveCfg = Debug|Any CPU
		{1A5523DF-1C43-9667-9D50-5A7E87DB64A8}.Debug|Any CPU.Build.0 = Debug|Any CPU
		{1A5523DF-1C43-9667-9D50-5A7E87DB64A8}.Release|Any CPU.ActiveCfg = Release|Any CPU
		{1A5523DF-1C43-9667-9D50-5A7E87DB64A8}.Release|Any CPU.Build.0 = Release|Any CPU
		{ABEF1503-B75A-712D-865A-39B9CC8FD693}.Debug|Any CPU.ActiveCfg = Debug|Any CPU
		{ABEF1503-B75A-712D-865A-39B9CC8FD693}.Debug|Any CPU.Build.0 = Debug|Any CPU
		{ABEF1503-B75A-712D-865A-39B9CC8FD693}.Release|Any CPU.ActiveCfg = Release|Any CPU
		{ABEF1503-B75A-712D-865A-39B9CC8FD693}.Release|Any CPU.Build.0 = Release|Any CPU
		{213BF22C-14A6-7E34-6306-8CA8AA613628}.Debug|Any CPU.ActiveCfg = Debug|Any CPU
		{213BF22C-14A6-7E34-6306-8CA8AA613628}.Debug|Any CPU.Build.0 = Debug|Any CPU
		{213BF22C-14A6-7E34-6306-8CA8AA613628}.Release|Any CPU.ActiveCfg = Release|Any CPU
		{213BF22C-14A6-7E34-6306-8CA8AA613628}.Release|Any CPU.Build.0 = Release|Any CPU
	EndGlobalSection
	GlobalSection(SolutionProperties) = preSolution
		HideSolutionNode = FALSE
	EndGlobalSection
EndGlobal
